Microsoft Visual Studio Solution File, Format Version 12.00
# Visual Studio 16
Project("{8BC9CEB8-8B4A-11D0-8D11-00A0C91BC942}") = "ALL_BUILD", "ALL_BUILD.vcxproj", "{7CC04832-9BB2-3455-A9F3-10EF0AC2423B}"
	ProjectSection(ProjectDependencies) = postProject
		{65948B1E-3449-3A0C-9563-3C7C211C94AA} = {65948B1E-3449-3A0C-9563-3C7C211C94AA}
		{E3101B23-98DA-3284-9099-F29432F6FE2A} = {E3101B23-98DA-3284-9099-F29432F6FE2A}
	EndProjectSection
EndProject
Project("{8BC9CEB8-8B4A-11D0-8D11-00A0C91BC942}") = "ZERO_CHECK", "ZERO_CHECK.vcxproj", "{65948B1E-3449-3A0C-9563-3C7C211C94AA}"
	ProjectSection(ProjectDependencies) = postProject
	EndProjectSection
EndProject
Project("{8BC9CEB8-8B4A-11D0-8D11-00A0C91BC942}") = "ugli", "ugli.vcxproj", "{E3101B23-98DA-3284-9099-F29432F6FE2A}"
	ProjectSection(ProjectDependencies) = postProject
		{65948B1E-3449-3A0C-9563-3C7C211C94AA} = {65948B1E-3449-3A0C-9563-3C7C211C94AA}
	EndProjectSection
EndProject
Global
	GlobalSection(SolutionConfigurationPlatforms) = preSolution
		Debug|x64 = Debug|x64
		Release|x64 = Release|x64
		MinSizeRel|x64 = MinSizeRel|x64
		RelWithDebInfo|x64 = RelWithDebInfo|x64
	EndGlobalSection
	GlobalSection(ProjectConfigurationPlatforms) = postSolution
		{7CC04832-9BB2-3455-A9F3-10EF0AC2423B}.Debug|x64.ActiveCfg = Debug|x64
		{7CC04832-9BB2-3455-A9F3-10EF0AC2423B}.Release|x64.ActiveCfg = Release|x64
		{7CC04832-9BB2-3455-A9F3-10EF0AC2423B}.MinSizeRel|x64.ActiveCfg = MinSizeRel|x64
		{7CC04832-9BB2-3455-A9F3-10EF0AC2423B}.RelWithDebInfo|x64.ActiveCfg = RelWithDebInfo|x64
		{65948B1E-3449-3A0C-9563-3C7C211C94AA}.Debug|x64.ActiveCfg = Debug|x64
		{65948B1E-3449-3A0C-9563-3C7C211C94AA}.Debug|x64.Build.0 = Debug|x64
		{65948B1E-3449-3A0C-9563-3C7C211C94AA}.Release|x64.ActiveCfg = Release|x64
		{65948B1E-3449-3A0C-9563-3C7C211C94AA}.Release|x64.Build.0 = Release|x64
		{65948B1E-3449-3A0C-9563-3C7C211C94AA}.MinSizeRel|x64.ActiveCfg = MinSizeRel|x64
		{65948B1E-3449-3A0C-9563-3C7C211C94AA}.MinSizeRel|x64.Build.0 = MinSizeRel|x64
		{65948B1E-3449-3A0C-9563-3C7C211C94AA}.RelWithDebInfo|x64.ActiveCfg = RelWithDebInfo|x64
		{65948B1E-3449-3A0C-9563-3C7C211C94AA}.RelWithDebInfo|x64.Build.0 = RelWithDebInfo|x64
		{E3101B23-98DA-3284-9099-F29432F6FE2A}.Debug|x64.ActiveCfg = Debug|x64
		{E3101B23-98DA-3284-9099-F29432F6FE2A}.Debug|x64.Build.0 = Debug|x64
		{E3101B23-98DA-3284-9099-F29432F6FE2A}.Release|x64.ActiveCfg = Release|x64
		{E3101B23-98DA-3284-9099-F29432F6FE2A}.Release|x64.Build.0 = Release|x64
		{E3101B23-98DA-3284-9099-F29432F6FE2A}.MinSizeRel|x64.ActiveCfg = MinSizeRel|x64
		{E3101B23-98DA-3284-9099-F29432F6FE2A}.MinSizeRel|x64.Build.0 = MinSizeRel|x64
		{E3101B23-98DA-3284-9099-F29432F6FE2A}.RelWithDebInfo|x64.ActiveCfg = RelWithDebInfo|x64
		{E3101B23-98DA-3284-9099-F29432F6FE2A}.RelWithDebInfo|x64.Build.0 = RelWithDebInfo|x64
	EndGlobalSection
	GlobalSection(ExtensibilityGlobals) = postSolution
		SolutionGuid = {1D59B12F-7EB4-3FCC-85BC-6AE3982D1D80}
	EndGlobalSection
	GlobalSection(ExtensibilityAddIns) = postSolution
	EndGlobalSection
EndGlobal
