Microsoft Visual Studio Solution File, Format Version 12.00
# Visual Studio 16
Project("{8BC9CEB8-8B4A-11D0-8D11-00A0C91BC942}") = "ALL_BUILD", "ALL_BUILD.vcxproj", "{5C75974F-FB8C-3CE9-92C4-89D7E0089460}"
	ProjectSection(ProjectDependencies) = postProject
		{FC7D35D8-543D-3AF6-B999-829BB9872D08} = {FC7D35D8-543D-3AF6-B999-829BB9872D08}
		{3BF99433-4618-34B9-92AA-00E7C94D3CBA} = {3BF99433-4618-34B9-92AA-00E7C94D3CBA}
	EndProjectSection
EndProject
Project("{8BC9CEB8-8B4A-11D0-8D11-00A0C91BC942}") = "ZERO_CHECK", "ZERO_CHECK.vcxproj", "{FC7D35D8-543D-3AF6-B999-829BB9872D08}"
	ProjectSection(ProjectDependencies) = postProject
	EndProjectSection
EndProject
Project("{8BC9CEB8-8B4A-11D0-8D11-00A0C91BC942}") = "ugli", "ugli.vcxproj", "{3BF99433-4618-34B9-92AA-00E7C94D3CBA}"
	ProjectSection(ProjectDependencies) = postProject
		{FC7D35D8-543D-3AF6-B999-829BB9872D08} = {FC7D35D8-543D-3AF6-B999-829BB9872D08}
	EndProjectSection
EndProject
Global
	GlobalSection(SolutionConfigurationPlatforms) = preSolution
		Debug|x64 = Debug|x64
		Release|x64 = Release|x64
		MinSizeRel|x64 = MinSizeRel|x64
		RelWithDebInfo|x64 = RelWithDebInfo|x64
	EndGlobalSection
	GlobalSection(ProjectConfigurationPlatforms) = postSolution
		{5C75974F-FB8C-3CE9-92C4-89D7E0089460}.Debug|x64.ActiveCfg = Debug|x64
		{5C75974F-FB8C-3CE9-92C4-89D7E0089460}.Release|x64.ActiveCfg = Release|x64
		{5C75974F-FB8C-3CE9-92C4-89D7E0089460}.MinSizeRel|x64.ActiveCfg = MinSizeRel|x64
		{5C75974F-FB8C-3CE9-92C4-89D7E0089460}.RelWithDebInfo|x64.ActiveCfg = RelWithDebInfo|x64
		{FC7D35D8-543D-3AF6-B999-829BB9872D08}.Debug|x64.ActiveCfg = Debug|x64
		{FC7D35D8-543D-3AF6-B999-829BB9872D08}.Debug|x64.Build.0 = Debug|x64
		{FC7D35D8-543D-3AF6-B999-829BB9872D08}.Release|x64.ActiveCfg = Release|x64
		{FC7D35D8-543D-3AF6-B999-829BB9872D08}.Release|x64.Build.0 = Release|x64
		{FC7D35D8-543D-3AF6-B999-829BB9872D08}.MinSizeRel|x64.ActiveCfg = MinSizeRel|x64
		{FC7D35D8-543D-3AF6-B999-829BB9872D08}.MinSizeRel|x64.Build.0 = MinSizeRel|x64
		{FC7D35D8-543D-3AF6-B999-829BB9872D08}.RelWithDebInfo|x64.ActiveCfg = RelWithDebInfo|x64
		{FC7D35D8-543D-3AF6-B999-829BB9872D08}.RelWithDebInfo|x64.Build.0 = RelWithDebInfo|x64
		{3BF99433-4618-34B9-92AA-00E7C94D3CBA}.Debug|x64.ActiveCfg = Debug|x64
		{3BF99433-4618-34B9-92AA-00E7C94D3CBA}.Debug|x64.Build.0 = Debug|x64
		{3BF99433-4618-34B9-92AA-00E7C94D3CBA}.Release|x64.ActiveCfg = Release|x64
		{3BF99433-4618-34B9-92AA-00E7C94D3CBA}.Release|x64.Build.0 = Release|x64
		{3BF99433-4618-34B9-92AA-00E7C94D3CBA}.MinSizeRel|x64.ActiveCfg = MinSizeRel|x64
		{3BF99433-4618-34B9-92AA-00E7C94D3CBA}.MinSizeRel|x64.Build.0 = MinSizeRel|x64
		{3BF99433-4618-34B9-92AA-00E7C94D3CBA}.RelWithDebInfo|x64.ActiveCfg = RelWithDebInfo|x64
		{3BF99433-4618-34B9-92AA-00E7C94D3CBA}.RelWithDebInfo|x64.Build.0 = RelWithDebInfo|x64
	EndGlobalSection
	GlobalSection(ExtensibilityGlobals) = postSolution
		SolutionGuid = {E1DBA18E-C623-3E28-84F1-94F619C2814C}
	EndGlobalSection
	GlobalSection(ExtensibilityAddIns) = postSolution
	EndGlobalSection
EndGlobal
